# THIS IS AN AUTOGENERATED FILE. DO NOT EDIT THIS FILE DIRECTLY.
# yarn lockfile v1


cssesc@^3.0.0:
  version "3.0.0"
  resolved "https://registry.yarnpkg.com/cssesc/-/cssesc-3.0.0.tgz#37741919903b868565e1c09ea747445cd18983ee"
  integrity sha512-/Tb/JcjK111nNScGob5MNtsntNM1aCNUDipB/TkwZFhyDrrE47SOx/18wF2bbjgc3ZzCSKW1T5nt5EbFoAz/Vg==

known-css-properties@^0.28.0:
  version "0.28.0"
  resolved "https://registry.yarnpkg.com/known-css-properties/-/known-css-properties-0.28.0.tgz#8a8be010f368b3036fe6ab0ef4bbbed972bd6274"
  integrity sha512-9pSL5XB4J+ifHP0e0jmmC98OGC1nL8/JjS+fi6mnTlIf//yt/MfVLtKg7S6nCtj/8KTcWX7nRlY0XywoYY1ISQ==

nanoid@^3.3.4:
  version "3.3.4"
  resolved "https://registry.yarnpkg.com/nanoid/-/nanoid-3.3.4.tgz#730b67e3cd09e2deacf03c027c81c9d9dbc5e8ab"
  integrity sha512-MqBkQh/OHTS2egovRtLk45wEyNXwF+cokD+1YPf9u5VfJiRdAiRwB2froX5Co9Rh20xs4siNPm8naNotSD6RBw==

picocolors@^1.0.0:
  version "1.0.0"
  resolved "https://registry.yarnpkg.com/picocolors/-/picocolors-1.0.0.tgz#cb5bdc74ff3f51892236eaf79d68bc44564ab81c"
  integrity sha512-1fygroTLlHu66zi26VoTDv8yRgm0Fccecssto+MhsZ0D/DGW2sm8E8AjW7NU5VVTRt5GxbeZ5qBuJr+HyLYkjQ==

postcss-media-query-parser@^0.2.3:
  version "0.2.3"
  resolved "https://registry.yarnpkg.com/postcss-media-query-parser/-/postcss-media-query-parser-0.2.3.tgz#27b39c6f4d94f81b1a73b8f76351c609e5cef244"
  integrity sha512-3sOlxmbKcSHMjlUXQZKQ06jOswE7oVkXPxmZdoB1r5l0q6gTFTQSHxNxOrCccElbW7dxNytifNEo8qidX2Vsig==

postcss-resolve-nested-selector@^0.1.1:
  version "0.1.1"
  resolved "https://registry.yarnpkg.com/postcss-resolve-nested-selector/-/postcss-resolve-nested-selector-0.1.1.tgz#29ccbc7c37dedfac304e9fff0bf1596b3f6a0e4e"
  integrity sha512-HvExULSwLqHLgUy1rl3ANIqCsvMS0WHss2UOsXhXnQaZ9VCc2oBvIpXrl00IUFT5ZDITME0o6oiXeiHr2SAIfw==

postcss-scss@^4.0.7:
  version "4.0.7"
  resolved "https://registry.yarnpkg.com/postcss-scss/-/postcss-scss-4.0.7.tgz#cfe5507aaff81b3d8992039ad015da4bd3dccd2f"
  integrity sha512-xPv2GseoyXPa58Nro7M73ZntttusuCmZdeOojUFR5PZDz2BR62vfYx1w9TyOnp1+nYFowgOMipsCBhxzVkAEPw==

postcss-scss@^4.0.9:
  version "4.0.9"
  resolved "https://registry.yarnpkg.com/postcss-scss/-/postcss-scss-4.0.9.tgz#a03c773cd4c9623cb04ce142a52afcec74806685"
  integrity sha512-AjKOeiwAitL/MXxQW2DliT28EKukvvbEWx3LBmJIRN8KfBGZbRTxNYW0kSqi1COiTZ57nZ9NW06S6ux//N1c9A==

postcss-selector-parser@^6.0.13:
  version "6.0.13"
  resolved "https://registry.yarnpkg.com/postcss-selector-parser/-/postcss-selector-parser-6.0.13.tgz#d05d8d76b1e8e173257ef9d60b706a8e5e99bf1b"
  integrity sha512-EaV1Gl4mUEV4ddhDnv/xtj7sxwrwxdetHdWUGnT4VJQf+4d05v6lHYZr8N573k5Z0BViss7BDhfWtKS3+sfAqQ==
  dependencies:
    cssesc "^3.0.0"
    util-deprecate "^1.0.2"

postcss-sorting@^8.0.2:
  version "8.0.2"
  resolved "https://registry.yarnpkg.com/postcss-sorting/-/postcss-sorting-8.0.2.tgz#6393385ece272baf74bee9820fb1b58098e4eeca"
  integrity sha512-M9dkSrmU00t/jK7rF6BZSZauA5MAaBW4i5EnJXspMwt4iqTh/L9j6fgMnbElEOfyRyfLfVbIHj/R52zHzAPe1Q==

postcss-value-parser@^4.2.0:
  version "4.2.0"
  resolved "https://registry.yarnpkg.com/postcss-value-parser/-/postcss-value-parser-4.2.0.tgz#723c09920836ba6d3e5af019f92bc0971c02e514"
  integrity sha512-1NNCs6uurfkVbeXG4S8JFT9t19m45ICnif8zWLd5oPSZ50QnwMfK+H3jv408d4jw/7Bttv5axS5IiHoLaVNHeQ==

postcss@^8.4.21:
  version "8.4.21"
  resolved "https://registry.yarnpkg.com/postcss/-/postcss-8.4.21.tgz#c639b719a57efc3187b13a1d765675485f4134f4"
  integrity sha512-tP7u/Sn/dVxK2NnruI4H9BG+x+Wxz6oeZ1cJ8P6G/PZY0IKk4k/63TDsQf2kQq3+qoJeLm2kIBUNlZe3zgb4Zg==
  dependencies:
    nanoid "^3.3.4"
    picocolors "^1.0.0"
    source-map-js "^1.0.2"

prettier@^3.0.3:
  version "3.0.3"
  resolved "https://registry.yarnpkg.com/prettier/-/prettier-3.0.3.tgz#432a51f7ba422d1469096c0fdc28e235db8f9643"
  integrity sha512-L/4pUDMxcNa8R/EthV08Zt42WBO4h1rarVtK0K+QJG0X187OLo7l699jWw0GKuwzkPQ//jMFA/8Xm6Fh3J/DAg==

source-map-js@^1.0.2:
  version "1.0.2"
  resolved "https://registry.yarnpkg.com/source-map-js/-/source-map-js-1.0.2.tgz#adbc361d9c62df380125e7f161f71c826f1e490c"
  integrity sha512-R0XvVJ9WusLiqTCEiGCmICCMplcCkIwwR11mOSD9CR5u+IXYdiseeEuXCVAjS54zqwkLcPNnmU4OeJ6tUrWhDw==

stylelint-config-recommended-scss@^13.0.0:
  version "13.0.0"
  resolved "https://registry.yarnpkg.com/stylelint-config-recommended-scss/-/stylelint-config-recommended-scss-13.0.0.tgz#dd8c319e15a6412262cd8554e4aad9bfba1bbb11"
  integrity sha512-7AmMIsHTsuwUQm7I+DD5BGeIgCvqYZ4BpeYJJpb1cUXQwrJAKjA+GBotFZgUEGP8lAM+wmd91ovzOi8xfAyWEw==
  dependencies:
    postcss-scss "^4.0.7"
    stylelint-config-recommended "^13.0.0"
    stylelint-scss "^5.1.0"

stylelint-config-recommended@^13.0.0:
  version "13.0.0"
  resolved "https://registry.yarnpkg.com/stylelint-config-recommended/-/stylelint-config-recommended-13.0.0.tgz#c48a358cc46b629ea01f22db60b351f703e00597"
  integrity sha512-EH+yRj6h3GAe/fRiyaoO2F9l9Tgg50AOFhaszyfov9v6ayXJ1IkSHwTxd7lB48FmOeSGDPLjatjO11fJpmarkQ==

stylelint-config-standard-scss@^11.0.0:
  version "11.0.0"
  resolved "https://registry.yarnpkg.com/stylelint-config-standard-scss/-/stylelint-config-standard-scss-11.0.0.tgz#98332b68a9c98b6fce54c7698741e103719942b5"
  integrity sha512-fGE79NBOLg09a9afqGH/guJulRULCaQWWv4cv1v2bMX92B+fGb0y56WqIguwvFcliPmmUXiAhKrrnXilIeXoHA==
  dependencies:
    stylelint-config-recommended-scss "^13.0.0"
    stylelint-config-standard "^34.0.0"

stylelint-config-standard@^34.0.0:
  version "34.0.0"
  resolved "https://registry.yarnpkg.com/stylelint-config-standard/-/stylelint-config-standard-34.0.0.tgz#309f3c48118a02aae262230c174282e40e766cf4"
  integrity sha512-u0VSZnVyW9VSryBG2LSO+OQTjN7zF9XJaAJRX/4EwkmU0R2jYwmBSN10acqZisDitS0CLiEiGjX7+Hrq8TAhfQ==
  dependencies:
    stylelint-config-recommended "^13.0.0"

stylelint-order@^6.0.3:
  version "6.0.3"
  resolved "https://registry.yarnpkg.com/stylelint-order/-/stylelint-order-6.0.3.tgz#160b78650bd90463241b992581efee7159baefc2"
  integrity sha512-1j1lOb4EU/6w49qZeT2SQVJXm0Ht+Qnq9GMfUa3pMwoyojIWfuA+JUDmoR97Bht1RLn4ei0xtLGy87M7d29B1w==
  dependencies:
    postcss "^8.4.21"
    postcss-sorting "^8.0.2"

stylelint-scss@^5.1.0:
  version "5.3.0"
  resolved "https://registry.yarnpkg.com/stylelint-scss/-/stylelint-scss-5.3.0.tgz#32fd2681f8934e87dfa90f5188646d07f08c59c9"
  integrity sha512-Sc7S1uWqStMc99NREsHNxpxHHFRvjo2pWILNl/UCwWO8PxhODK8qbJH0GHWIALxl6BD5rwJL4cSm4jk36hi6fg==
  dependencies:
    known-css-properties "^0.28.0"
    postcss-media-query-parser "^0.2.3"
    postcss-resolve-nested-selector "^0.1.1"
    postcss-selector-parser "^6.0.13"
    postcss-value-parser "^4.2.0"

util-deprecate@^1.0.2:
  version "1.0.2"
  resolved "https://registry.yarnpkg.com/util-deprecate/-/util-deprecate-1.0.2.tgz#450d4dc9fa70de732762fbd2d4a28981419a0ccf"
  integrity sha512-EPD5q1uXyFxJpCrLnCc1nHnq3gOa6DZBocAIiI2TaSCA7VCJ1UJDMagCzIkXNsUYfD1daK//LTEQ8xiIbrHtcw==
