# THIS IS AN AUTOGENERATED FILE. DO NOT EDIT THIS FILE DIRECTLY.
# yarn lockfile v1


css-color-names@0.0.4:
  version "0.0.4"
  resolved "https://registry.yarnpkg.com/css-color-names/-/css-color-names-0.0.4.tgz#808adc2e79cf84738069b646cb20ec27beb629e0"
  integrity sha1-gIrcLnnPhHOAabZGyyDsJ762KeA=

css-shorthand-properties@^1.0.0:
  version "1.1.1"
  resolved "https://registry.yarnpkg.com/css-shorthand-properties/-/css-shorthand-properties-1.1.1.tgz#1c808e63553c283f289f2dd56fcee8f3337bd935"
  integrity sha512-Md+Juc7M3uOdbAFwOYlTrccIZ7oCFuzrhKYQjdeUEW/sE1hv17Jp/Bws+ReOPpGVBTYCBoYo+G17V5Qo8QQ75A==

css-values@^0.1.0:
  version "0.1.0"
  resolved "https://registry.yarnpkg.com/css-values/-/css-values-0.1.0.tgz#128b7ce103d4dc027a814a5d5995c54781d7b4c6"
  integrity sha1-Eot84QPU3AJ6gUpdWZXFR4HXtMY=
  dependencies:
    css-color-names "0.0.4"
    ends-with "^0.2.0"
    postcss-value-parser "^3.3.0"

cssesc@^3.0.0:
  version "3.0.0"
  resolved "https://registry.yarnpkg.com/cssesc/-/cssesc-3.0.0.tgz#37741919903b868565e1c09ea747445cd18983ee"
  integrity sha512-/Tb/JcjK111nNScGob5MNtsntNM1aCNUDipB/TkwZFhyDrrE47SOx/18wF2bbjgc3ZzCSKW1T5nt5EbFoAz/Vg==

ends-with@^0.2.0:
  version "0.2.0"
  resolved "https://registry.yarnpkg.com/ends-with/-/ends-with-0.2.0.tgz#2f9da98d57a50cfda4571ce4339000500f4e6b8a"
  integrity sha1-L52pjVelDP2kVxzkM5AAUA9Oa4o=

lodash@^4.17.15:
  version "4.17.20"
  resolved "https://registry.yarnpkg.com/lodash/-/lodash-4.17.20.tgz#b44a9b6297bcb698f1c51a3545a2b3b368d59c52"
  integrity sha512-PlhdFcillOINfeV7Ni6oF1TAEayyZBoZ8bcshTHqOYJYlrqzRK5hagpagky5o4HfCzzd1TRkXPMFq6cKk9rGmA==

nanoid@^3.1.30:
  version "3.1.30"
  resolved "https://registry.yarnpkg.com/nanoid/-/nanoid-3.1.30.tgz#63f93cc548d2a113dc5dfbc63bfa09e2b9b64362"
  integrity sha512-zJpuPDwOv8D2zq2WRoMe1HsfZthVewpel9CAvTfc/2mBD1uUT/agc5f7GHGWXlYkFvi1mVxe4IjvP2HNrop7nQ==

picocolors@^1.0.0:
  version "1.0.0"
  resolved "https://registry.yarnpkg.com/picocolors/-/picocolors-1.0.0.tgz#cb5bdc74ff3f51892236eaf79d68bc44564ab81c"
  integrity sha512-1fygroTLlHu66zi26VoTDv8yRgm0Fccecssto+MhsZ0D/DGW2sm8E8AjW7NU5VVTRt5GxbeZ5qBuJr+HyLYkjQ==

postcss-media-query-parser@^0.2.3:
  version "0.2.3"
  resolved "https://registry.yarnpkg.com/postcss-media-query-parser/-/postcss-media-query-parser-0.2.3.tgz#27b39c6f4d94f81b1a73b8f76351c609e5cef244"
  integrity sha1-J7Ocb02U+Bsac7j3Y1HGCeXO8kQ=

postcss-resolve-nested-selector@^0.1.1:
  version "0.1.1"
  resolved "https://registry.yarnpkg.com/postcss-resolve-nested-selector/-/postcss-resolve-nested-selector-0.1.1.tgz#29ccbc7c37dedfac304e9fff0bf1596b3f6a0e4e"
  integrity sha1-Kcy8fDfe36wwTp//C/FZaz9qDk4=

postcss-selector-parser@^6.0.6:
  version "6.0.6"
  resolved "https://registry.yarnpkg.com/postcss-selector-parser/-/postcss-selector-parser-6.0.6.tgz#2c5bba8174ac2f6981ab631a42ab0ee54af332ea"
  integrity sha512-9LXrvaaX3+mcv5xkg5kFwqSzSH1JIObIx51PrndZwlmznwXRfxMddDvo9gve3gVR8ZTKgoFDdWkbRFmEhT4PMg==
  dependencies:
    cssesc "^3.0.0"
    util-deprecate "^1.0.2"

postcss-sorting@^7.0.1:
  version "7.0.1"
  resolved "https://registry.yarnpkg.com/postcss-sorting/-/postcss-sorting-7.0.1.tgz#923b5268451cf2d93ebf8835e17a6537757049a5"
  integrity sha512-iLBFYz6VRYyLJEJsBJ8M3TCqNcckVzz4wFounSc5Oez35ogE/X+aoC5fFu103Ot7NyvjU3/xqIXn93Gp3kJk4g==

postcss-value-parser@^3.3.0:
  version "3.3.1"
  resolved "https://registry.yarnpkg.com/postcss-value-parser/-/postcss-value-parser-3.3.1.tgz#9ff822547e2893213cf1c30efa51ac5fd1ba8281"
  integrity sha512-pISE66AbVkp4fDQ7VHBwRNXzAAKJjw4Vw7nWI/+Q3vuly7SNfgYXvm6i5IgFylHGK5sP/xHAbB7N49OS4gWNyQ==

"postcss-value-parser@^3.3.0 || ^4.0.2", postcss-value-parser@^4.1.0:
  version "4.1.0"
  resolved "https://registry.yarnpkg.com/postcss-value-parser/-/postcss-value-parser-4.1.0.tgz#443f6a20ced6481a2bda4fa8532a6e55d789a2cb"
  integrity sha512-97DXOFbQJhk71ne5/Mt6cOu6yxsSfM0QGQyl0L25Gca4yGWEGJaig7l7gbCX623VqTBNGLRLaVUCnNkcedlRSQ==

postcss@^8.3.11:
  version "8.3.11"
  resolved "https://registry.yarnpkg.com/postcss/-/postcss-8.3.11.tgz#c3beca7ea811cd5e1c4a3ec6d2e7599ef1f8f858"
  integrity sha512-hCmlUAIlUiav8Xdqw3Io4LcpA1DOt7h3LSTAC4G6JGHFFaWzI6qvFt9oilvl8BmkbBRX1IhM90ZAmpk68zccQA==
  dependencies:
    nanoid "^3.1.30"
    picocolors "^1.0.0"
    source-map-js "^0.6.2"

shortcss@^0.1.3:
  version "0.1.3"
  resolved "https://registry.yarnpkg.com/shortcss/-/shortcss-0.1.3.tgz#ee2a7904d80b7f5502c98408f4a2f313faadfb48"
  integrity sha1-7ip5BNgLf1UCyYQI9KLzE/qt+0g=
  dependencies:
    css-shorthand-properties "^1.0.0"

source-map-js@^0.6.2:
  version "0.6.2"
  resolved "https://registry.yarnpkg.com/source-map-js/-/source-map-js-0.6.2.tgz#0bb5de631b41cfbda6cfba8bd05a80efdfd2385e"
  integrity sha512-/3GptzWzu0+0MBQFrDKzw/DvvMTUORvgY6k6jd/VS6iCR4RDTKWH6v6WPwQoUO8667uQEf9Oe38DxAYWY5F/Ug==

stylelint-declaration-block-no-ignored-properties@^2.4.0:
  version "2.4.0"
  resolved "https://registry.yarnpkg.com/stylelint-declaration-block-no-ignored-properties/-/stylelint-declaration-block-no-ignored-properties-2.4.0.tgz#767f05aaa15353354f280d6e3245c76bff511010"
  integrity sha512-ffAvq8GaXHL8rz0Qo+4gr3vqcau4pz/Z6WF9TJr4yG6WY5Vbqa6RPechgqv/izZu5trOKwJgnznOzO8VvhIKlw==

stylelint-declaration-strict-value@^1.7.12:
  version "1.7.12"
  resolved "https://registry.yarnpkg.com/stylelint-declaration-strict-value/-/stylelint-declaration-strict-value-1.7.12.tgz#a4ff5d6cfc955c91f2dbe1b75bd35da99dd35d02"
  integrity sha512-SHI5mHtDksXtiMFfEspm4VoTRVIQ7pp/qkDjZvwV/FTUWmjfLCo7EkWlrCKJS0+kdxrD/YamFFdK8pGJECQamg==
  dependencies:
    css-values "^0.1.0"
    shortcss "^0.1.3"

stylelint-no-px@^1.0.1:
  version "1.0.1"
  resolved "https://registry.yarnpkg.com/stylelint-no-px/-/stylelint-no-px-1.0.1.tgz#4d137c60a02c60514a958b43d3bb41805405a3ca"
  integrity sha512-33+Gd5WFeSvEiOV8IwWMVgjzYieFg/Q4ETKeZkahSYl2V7+WMtgNT32IYYEspN402ZJv16bOciwEnG1GY2qrPA==
  dependencies:
    postcss-value-parser "^3.3.0 || ^4.0.2"

stylelint-order@^5.0.0:
  version "5.0.0"
  resolved "https://registry.yarnpkg.com/stylelint-order/-/stylelint-order-5.0.0.tgz#abd20f6b85ac640774cbe40e70d3fe9c6fdf4400"
  integrity sha512-OWQ7pmicXufDw5BlRqzdz3fkGKJPgLyDwD1rFY3AIEfIH/LQY38Vu/85v8/up0I+VPiuGRwbc2Hg3zLAsJaiyw==
  dependencies:
    postcss "^8.3.11"
    postcss-sorting "^7.0.1"

stylelint-scss@^4.0.0:
  version "4.0.0"
  resolved "https://registry.yarnpkg.com/stylelint-scss/-/stylelint-scss-4.0.0.tgz#4901ced92b9c68e37649799a39defbd5f2ac5bcd"
  integrity sha512-lIRhPqtI6I065EJ6aI4mWKsmQt8Krnu6aF9XSL9s8Nd2f/cDKImST0T9TfjnUul3ReKYWozkG9dlpNTZH2FB9w==
  dependencies:
    lodash "^4.17.15"
    postcss-media-query-parser "^0.2.3"
    postcss-resolve-nested-selector "^0.1.1"
    postcss-selector-parser "^6.0.6"
    postcss-value-parser "^4.1.0"

util-deprecate@^1.0.2:
  version "1.0.2"
  resolved "https://registry.yarnpkg.com/util-deprecate/-/util-deprecate-1.0.2.tgz#450d4dc9fa70de732762fbd2d4a28981419a0ccf"
  integrity sha1-RQ1Nyfpw3nMnYvvS1KKJgUGaDM8=
