# THIS IS AN AUTOGENERATED FILE. DO NOT EDIT THIS FILE DIRECTLY.
# yarn lockfile v1


cssesc@^3.0.0:
  version "3.0.0"
  resolved "https://registry.yarnpkg.com/cssesc/-/cssesc-3.0.0.tgz#37741919903b868565e1c09ea747445cd18983ee"
  integrity sha512-/Tb/JcjK111nNScGob5MNtsntNM1aCNUDipB/TkwZFhyDrrE47SOx/18wF2bbjgc3ZzCSKW1T5nt5EbFoAz/Vg==

known-css-properties@^0.31.0:
  version "0.31.0"
  resolved "https://registry.yarnpkg.com/known-css-properties/-/known-css-properties-0.31.0.tgz#5c8d9d8777b3ca09482b2397f6a241e5d69a1023"
  integrity sha512-sBPIUGTNF0czz0mwGGUoKKJC8Q7On1GPbCSFPfyEsfHb2DyBG0Y4QtV+EVWpINSaiGKZblDNuF5AezxSgOhesQ==

nanoid@^3.3.7:
  version "3.3.7"
  resolved "https://registry.yarnpkg.com/nanoid/-/nanoid-3.3.7.tgz#d0c301a691bc8d54efa0a2226ccf3fe2fd656bd8"
  integrity sha512-eSRppjcPIatRIMC1U6UngP8XFcz8MQWGQdt1MTBQ7NaAmvXDfvNxbvWV3x2y6CdEUciCSsDHDQZbhYaB8QEo2g==

picocolors@^1.0.1:
  version "1.0.1"
  resolved "https://registry.yarnpkg.com/picocolors/-/picocolors-1.0.1.tgz#a8ad579b571952f0e5d25892de5445bcfe25aaa1"
  integrity sha512-anP1Z8qwhkbmu7MFP5iTt+wQKXgwzf7zTyGlcdzabySa9vd0Xt392U0rVmz9poOaBj0uHJKyyo9/upk0HrEQew==

postcss-media-query-parser@^0.2.3:
  version "0.2.3"
  resolved "https://registry.yarnpkg.com/postcss-media-query-parser/-/postcss-media-query-parser-0.2.3.tgz#27b39c6f4d94f81b1a73b8f76351c609e5cef244"
  integrity sha512-3sOlxmbKcSHMjlUXQZKQ06jOswE7oVkXPxmZdoB1r5l0q6gTFTQSHxNxOrCccElbW7dxNytifNEo8qidX2Vsig==

postcss-resolve-nested-selector@^0.1.1:
  version "0.1.1"
  resolved "https://registry.yarnpkg.com/postcss-resolve-nested-selector/-/postcss-resolve-nested-selector-0.1.1.tgz#29ccbc7c37dedfac304e9fff0bf1596b3f6a0e4e"
  integrity sha512-HvExULSwLqHLgUy1rl3ANIqCsvMS0WHss2UOsXhXnQaZ9VCc2oBvIpXrl00IUFT5ZDITME0o6oiXeiHr2SAIfw==

postcss-scss@^4.0.9:
  version "4.0.9"
  resolved "https://registry.yarnpkg.com/postcss-scss/-/postcss-scss-4.0.9.tgz#a03c773cd4c9623cb04ce142a52afcec74806685"
  integrity sha512-AjKOeiwAitL/MXxQW2DliT28EKukvvbEWx3LBmJIRN8KfBGZbRTxNYW0kSqi1COiTZ57nZ9NW06S6ux//N1c9A==

postcss-selector-parser@^6.1.0:
  version "6.1.0"
  resolved "https://registry.yarnpkg.com/postcss-selector-parser/-/postcss-selector-parser-6.1.0.tgz#49694cb4e7c649299fea510a29fa6577104bcf53"
  integrity sha512-UMz42UD0UY0EApS0ZL9o1XnLhSTtvvvLe5Dc2H2O56fvRZi+KulDyf5ctDhhtYJBGKStV2FL1fy6253cmLgqVQ==
  dependencies:
    cssesc "^3.0.0"
    util-deprecate "^1.0.2"

postcss-sorting@^8.0.2:
  version "8.0.2"
  resolved "https://registry.yarnpkg.com/postcss-sorting/-/postcss-sorting-8.0.2.tgz#6393385ece272baf74bee9820fb1b58098e4eeca"
  integrity sha512-M9dkSrmU00t/jK7rF6BZSZauA5MAaBW4i5EnJXspMwt4iqTh/L9j6fgMnbElEOfyRyfLfVbIHj/R52zHzAPe1Q==

postcss-value-parser@^4.2.0:
  version "4.2.0"
  resolved "https://registry.yarnpkg.com/postcss-value-parser/-/postcss-value-parser-4.2.0.tgz#723c09920836ba6d3e5af019f92bc0971c02e514"
  integrity sha512-1NNCs6uurfkVbeXG4S8JFT9t19m45ICnif8zWLd5oPSZ50QnwMfK+H3jv408d4jw/7Bttv5axS5IiHoLaVNHeQ==

postcss@^8.4.32:
  version "8.4.39"
  resolved "https://registry.yarnpkg.com/postcss/-/postcss-8.4.39.tgz#aa3c94998b61d3a9c259efa51db4b392e1bde0e3"
  integrity sha512-0vzE+lAiG7hZl1/9I8yzKLx3aR9Xbof3fBHKunvMfOCYAtMhrsnccJY2iTURb9EZd5+pLuiNV9/c/GZJOHsgIw==
  dependencies:
    nanoid "^3.3.7"
    picocolors "^1.0.1"
    source-map-js "^1.2.0"

prettier@^3.3.3:
  version "3.3.3"
  resolved "https://registry.yarnpkg.com/prettier/-/prettier-3.3.3.tgz#30c54fe0be0d8d12e6ae61dbb10109ea00d53105"
  integrity sha512-i2tDNA0O5IrMO757lfrdQZCc2jPNDVntV0m/+4whiDfWaTKfMNgR7Qz0NAeGz/nRqF4m5/6CLzbP4/liHt12Ew==

source-map-js@^1.2.0:
  version "1.2.0"
  resolved "https://registry.yarnpkg.com/source-map-js/-/source-map-js-1.2.0.tgz#16b809c162517b5b8c3e7dcd315a2a5c2612b2af"
  integrity sha512-itJW8lvSA0TXEphiRoawsCksnlf8SyvmFzIhltqAHluXd88pkCd+cXJVHTDwdCr0IzwptSm035IHQktUu1QUMg==

stylelint-config-recommended-scss@^14.0.0:
  version "14.0.0"
  resolved "https://registry.yarnpkg.com/stylelint-config-recommended-scss/-/stylelint-config-recommended-scss-14.0.0.tgz#d3482c9817dada80b5ec01685b38fc8af8f7263f"
  integrity sha512-HDvpoOAQ1RpF+sPbDOT2Q2/YrBDEJDnUymmVmZ7mMCeNiFSdhRdyGEimBkz06wsN+HaFwUh249gDR+I9JR7Onw==
  dependencies:
    postcss-scss "^4.0.9"
    stylelint-config-recommended "^14.0.0"
    stylelint-scss "^6.0.0"

stylelint-config-recommended@^14.0.0, stylelint-config-recommended@^14.0.1:
  version "14.0.1"
  resolved "https://registry.yarnpkg.com/stylelint-config-recommended/-/stylelint-config-recommended-14.0.1.tgz#d25e86409aaf79ee6c6085c2c14b33c7e23c90c6"
  integrity sha512-bLvc1WOz/14aPImu/cufKAZYfXs/A/owZfSMZ4N+16WGXLoX5lOir53M6odBxvhgmgdxCVnNySJmZKx73T93cg==

stylelint-config-standard-scss@^13.1.0:
  version "13.1.0"
  resolved "https://registry.yarnpkg.com/stylelint-config-standard-scss/-/stylelint-config-standard-scss-13.1.0.tgz#2be36ca13087325a42c1f26df8267808667cc886"
  integrity sha512-Eo5w7/XvwGHWkeGLtdm2FZLOMYoZl1omP2/jgFCXyl2x5yNz7/8vv4Tj6slHvMSSUNTaGoam/GAZ0ZhukvalfA==
  dependencies:
    stylelint-config-recommended-scss "^14.0.0"
    stylelint-config-standard "^36.0.0"

stylelint-config-standard@^36.0.0:
  version "36.0.1"
  resolved "https://registry.yarnpkg.com/stylelint-config-standard/-/stylelint-config-standard-36.0.1.tgz#727cbb2a1ef3e210f5ce8329cde531129f156609"
  integrity sha512-8aX8mTzJ6cuO8mmD5yon61CWuIM4UD8Q5aBcWKGSf6kg+EC3uhB+iOywpTK4ca6ZL7B49en8yanOFtUW0qNzyw==
  dependencies:
    stylelint-config-recommended "^14.0.1"

stylelint-order@^6.0.4:
  version "6.0.4"
  resolved "https://registry.yarnpkg.com/stylelint-order/-/stylelint-order-6.0.4.tgz#3e80d876c61a98d2640de181433686f24284748b"
  integrity sha512-0UuKo4+s1hgQ/uAxlYU4h0o0HS4NiQDud0NAUNI0aa8FJdmYHA5ZZTFHiV5FpmE3071e9pZx5j0QpVJW5zOCUA==
  dependencies:
    postcss "^8.4.32"
    postcss-sorting "^8.0.2"

stylelint-scss@^6.0.0:
  version "6.3.2"
  resolved "https://registry.yarnpkg.com/stylelint-scss/-/stylelint-scss-6.3.2.tgz#085072e774e5a31e65aa2acefaad5417a29d6ec1"
  integrity sha512-pNk9mXOVKkQtd+SROPC9io8ISSgX+tOVPhFdBE+LaKQnJMLdWPbGKAGYv4Wmf/RrnOjkutunNTN9kKMhkdE5qA==
  dependencies:
    known-css-properties "^0.31.0"
    postcss-media-query-parser "^0.2.3"
    postcss-resolve-nested-selector "^0.1.1"
    postcss-selector-parser "^6.1.0"
    postcss-value-parser "^4.2.0"

util-deprecate@^1.0.2:
  version "1.0.2"
  resolved "https://registry.yarnpkg.com/util-deprecate/-/util-deprecate-1.0.2.tgz#450d4dc9fa70de732762fbd2d4a28981419a0ccf"
  integrity sha512-EPD5q1uXyFxJpCrLnCc1nHnq3gOa6DZBocAIiI2TaSCA7VCJ1UJDMagCzIkXNsUYfD1daK//LTEQ8xiIbrHtcw==
